<?xml version="1.0" encoding="utf-8"?>
<Project ToolsVersion="4.0" xmlns="http://schemas.microsoft.com/developer/msbuild/2003">
  <ItemGroup>
    <Filter Include="Source Files">
      <UniqueIdentifier>{4FC737F1-C7A5-4376-A066-2A32D752A2FF}</UniqueIdentifier>
      <Extensions>cpp;c;cc;cxx;c++;cppm;ixx;def;odl;idl;hpj;bat;asm;asmx</Extensions>
    </Filter>
    <Filter Include="Header Files">
      <UniqueIdentifier>{93995380-89BD-4b04-88EB-625FBE52EBFB}</UniqueIdentifier>
      <Extensions>h;hh;hpp;hxx;h++;hm;inl;inc;ipp;xsd</Extensions>
    </Filter>
    <Filter Include="Resource Files">
      <UniqueIdentifier>{67DA6AB6-F800-4c08-8B7A-83BB121AAD01}</UniqueIdentifier>
      <Extensions>rc;ico;cur;bmp;dlg;rc2;rct;bin;rgs;gif;jpg;jpeg;jpe;resx;tiff;tif;png;wav;mfcribbon-ms</Extensions>
    </Filter>
  </ItemGroup>
  <ItemGroup>
    <ClInclude Include="StarterScreen.h">
      <Filter>Header Files</Filter>
    </ClInclude>
    <ClInclude Include="ErrorScreen.h">
      <Filter>Header Files</Filter>
    </ClInclude>
    <ClInclude Include="StarterMenuController.h">
      <Filter>Header Files</Filter>
    </ClInclude>
    <ClInclude Include="MonsterCreatorScreen.h">
      <Filter>Header Files</Filter>
    </ClInclude>
    <ClInclude Include="MonsterCreatorController.h">
      <Filter>Header Files</Filter>
    </ClInclude>
    <ClInclude Include="Controller.h">
      <Filter>Header Files</Filter>
    </ClInclude>
    <ClInclude Include="Screen.h">
      <Filter>Header Files</Filter>
    </ClInclude>
    <ClInclude Include="Game.h">
      <Filter>Header Files</Filter>
    </ClInclude>
    <ClInclude Include="GoodByeScreen.h">
      <Filter>Header Files</Filter>
    </ClInclude>
    <ClInclude Include="Monster.h">
      <Filter>Header Files</Filter>
    </ClInclude>
    <ClInclude Include="Snaky.h">
      <Filter>Header Files</Filter>
    </ClInclude>
    <ClInclude Include="Dino.h">
      <Filter>Header Files</Filter>
    </ClInclude>
    <ClInclude Include="Furball.h">
      <Filter>Header Files</Filter>
    </ClInclude>
    <ClInclude Include="BreedScreen.h">
      <Filter>Header Files</Filter>
    </ClInclude>
    <ClInclude Include="NameScreen.h">
      <Filter>Header Files</Filter>
    </ClInclude>
    <ClInclude Include="SkinScreen.h">
      <Filter>Header Files</Filter>
    </ClInclude>
    <ClInclude Include="EyeScreen.h">
      <Filter>Header Files</Filter>
    </ClInclude>
    <ClInclude Include="BreedMenuController.h">
      <Filter>Header Files</Filter>
    </ClInclude>
    <ClInclude Include="Message.h">
      <Filter>Header Files</Filter>
    </ClInclude>
    <ClInclude Include="PlayerSingleton.h">
      <Filter>Header Files</Filter>
    </ClInclude>
    <ClInclude Include="NameIndieController.h">
      <Filter>Header Files</Filter>
    </ClInclude>
    <ClInclude Include="EyeMenuController.h">
      <Filter>Header Files</Filter>
    </ClInclude>
    <ClInclude Include="ContinueNavigator.h">
      <Filter>Header Files</Filter>
    </ClInclude>
    <ClInclude Include="SkinMenuController.h">
      <Filter>Header Files</Filter>
    </ClInclude>
    <ClInclude Include="GamePlayScreen.h">
      <Filter>Header Files</Filter>
    </ClInclude>
    <ClInclude Include="MonsterProfileScreen.h">
      <Filter>Header Files</Filter>
    </ClInclude>
    <ClInclude Include="MonsterIndieController.h">
      <Filter>Header Files</Filter>
    </ClInclude>
    <ClInclude Include="GamePlayController.h">
      <Filter>Header Files</Filter>
    </ClInclude>
    <ClInclude Include="PlayerProfileScreen.h">
      <Filter>Header Files</Filter>
    </ClInclude>
    <ClInclude Include="FeedScreen.h">
      <Filter>Header Files</Filter>
    </ClInclude>
    <ClInclude Include="Item.h">
      <Filter>Header Files</Filter>
    </ClInclude>
    <ClInclude Include="FeedMenuController.h">
      <Filter>Header Files</Filter>
    </ClInclude>
    <ClInclude Include="PlaygroundScreen.h">
      <Filter>Header Files</Filter>
    </ClInclude>
    <ClInclude Include="PlaygroundIndieController.h">
      <Filter>Header Files</Filter>
    </ClInclude>
    <ClInclude Include="TrainingScreen.h">
      <Filter>Header Files</Filter>
    </ClInclude>
    <ClInclude Include="ContestMenuScreen.h">
      <Filter>Header Files</Filter>
    </ClInclude>
    <ClInclude Include="ShopScreen.h">
      <Filter>Header Files</Filter>
    </ClInclude>
    <ClInclude Include="ShopMenuController.h">
      <Filter>Header Files</Filter>
    </ClInclude>
    <ClInclude Include="NextDayScreen.h">
      <Filter>Header Files</Filter>
    </ClInclude>
    <ClInclude Include="GameOverScreen.h">
      <Filter>Header Files</Filter>
    </ClInclude>
    <ClInclude Include="SaveFileScreen.h">
      <Filter>Header Files</Filter>
    </ClInclude>
    <ClInclude Include="SaveFileConstant.h">
      <Filter>Header Files</Filter>
    </ClInclude>
    <ClInclude Include="LoadFileScreen.h">
      <Filter>Header Files</Filter>
    </ClInclude>
  </ItemGroup>
  <ItemGroup>
    <ClCompile Include="StarterScreen.cpp">
      <Filter>Source Files</Filter>
    </ClCompile>
    <ClCompile Include="Main.cpp">
      <Filter>Source Files</Filter>
    </ClCompile>
    <ClCompile Include="ErrorScreen.cpp">
      <Filter>Source Files</Filter>
    </ClCompile>
    <ClCompile Include="StarterMenuController.cpp">
      <Filter>Source Files</Filter>
    </ClCompile>
    <ClCompile Include="MonsterCreatorScreen.cpp">
      <Filter>Source Files</Filter>
    </ClCompile>
    <ClCompile Include="MonsterCreatorController.cpp">
      <Filter>Source Files</Filter>
    </ClCompile>
    <ClCompile Include="Controller.cpp">
      <Filter>Source Files</Filter>
    </ClCompile>
    <ClCompile Include="Screen.cpp">
      <Filter>Source Files</Filter>
    </ClCompile>
    <ClCompile Include="Game.cpp">
      <Filter>Source Files</Filter>
    </ClCompile>
    <ClCompile Include="GoodbyeScreen.cpp">
      <Filter>Source Files</Filter>
    </ClCompile>
    <ClCompile Include="Monster.cpp">
      <Filter>Source Files</Filter>
    </ClCompile>
    <ClCompile Include="Snaky.cpp">
      <Filter>Source Files</Filter>
    </ClCompile>
    <ClCompile Include="Dino.cpp">
      <Filter>Source Files</Filter>
    </ClCompile>
    <ClCompile Include="Furball.cpp">
      <Filter>Source Files</Filter>
    </ClCompile>
    <ClCompile Include="BreedScreen.cpp">
      <Filter>Source Files</Filter>
    </ClCompile>
    <ClCompile Include="NameScreen.cpp">
      <Filter>Source Files</Filter>
    </ClCompile>
    <ClCompile Include="SkinScreen.cpp">
      <Filter>Source Files</Filter>
    </ClCompile>
    <ClCompile Include="EyeScreen.cpp">
      <Filter>Source Files</Filter>
    </ClCompile>
    <ClCompile Include="BreedMenuController.cpp">
      <Filter>Source Files</Filter>
    </ClCompile>
    <ClCompile Include="Message.cpp">
      <Filter>Source Files</Filter>
    </ClCompile>
    <ClCompile Include="PlayerSingleton.cpp">
      <Filter>Source Files</Filter>
    </ClCompile>
    <ClCompile Include="NameIndieController.cpp">
      <Filter>Source Files</Filter>
    </ClCompile>
    <ClCompile Include="EyeMenuController.cpp">
      <Filter>Source Files</Filter>
    </ClCompile>
    <ClCompile Include="ContinueNavigator.cpp">
      <Filter>Source Files</Filter>
    </ClCompile>
    <ClCompile Include="SkinMenuController.cpp">
      <Filter>Source Files</Filter>
    </ClCompile>
    <ClCompile Include="GamePlayScreen.cpp">
      <Filter>Source Files</Filter>
    </ClCompile>
    <ClCompile Include="MonsterProfileScreen.cpp">
      <Filter>Source Files</Filter>
    </ClCompile>
    <ClCompile Include="MonsterIndieController.cpp">
      <Filter>Source Files</Filter>
    </ClCompile>
    <ClCompile Include="GamePlayController.cpp">
      <Filter>Source Files</Filter>
    </ClCompile>
    <ClCompile Include="PlayerProfileScreen.cpp">
      <Filter>Source Files</Filter>
    </ClCompile>
    <ClCompile Include="FeedScreen.cpp">
      <Filter>Source Files</Filter>
    </ClCompile>
    <ClCompile Include="Item.cpp">
      <Filter>Source Files</Filter>
    </ClCompile>
    <ClCompile Include="FeedMenuController.cpp">
      <Filter>Source Files</Filter>
    </ClCompile>
    <ClCompile Include="PlaygroundScreen.cpp">
      <Filter>Source Files</Filter>
    </ClCompile>
    <ClCompile Include="PlaygroundIndieController.cpp">
      <Filter>Source Files</Filter>
    </ClCompile>
    <ClCompile Include="TrainingScreen.cpp">
      <Filter>Source Files</Filter>
    </ClCompile>
    <ClCompile Include="ContestMenuScreen.cpp">
      <Filter>Source Files</Filter>
    </ClCompile>
    <ClCompile Include="ShopScreen.cpp">
      <Filter>Source Files</Filter>
    </ClCompile>
    <ClCompile Include="ShopMenuController.cpp">
      <Filter>Source Files</Filter>
    </ClCompile>
    <ClCompile Include="NextDayScreen.cpp">
      <Filter>Source Files</Filter>
    </ClCompile>
    <ClCompile Include="GameOverScreen.cpp">
      <Filter>Source Files</Filter>
    </ClCompile>
    <ClCompile Include="SaveFileScreen.cpp">
      <Filter>Source Files</Filter>
    </ClCompile>
    <ClCompile Include="LoadFileScreen.cpp">
      <Filter>Source Files</Filter>
    </ClCompile>
  </ItemGroup>
</Project>